// !$*UTF8*$!
{
	archiveVersion = 1;
	classes = {
	};
	objectVersion = 55;
	objects = {

/* Begin PBXBuildFile section */
		4417C57A28492E9A00F0650D /* CoreDataTestApp.swift in Sources */ = {isa = PBXBuildFile; fileRef = 4417C57928492E9A00F0650D /* CoreDataTestApp.swift */; };
		4417C57C28492E9A00F0650D /* ContentView.swift in Sources */ = {isa = PBXBuildFile; fileRef = 4417C57B28492E9A00F0650D /* ContentView.swift */; };
		4417C57E28492EA100F0650D /* Assets.xcassets in Resources */ = {isa = PBXBuildFile; fileRef = 4417C57D28492EA100F0650D /* Assets.xcassets */; };
		4417C58128492EA100F0650D /* Preview Assets.xcassets in Resources */ = {isa = PBXBuildFile; fileRef = 4417C58028492EA100F0650D /* Preview Assets.xcassets */; };
		4417C58A28492ED500F0650D /* FoodModel.xcdatamodeld in Sources */ = {isa = PBXBuildFile; fileRef = 4417C58828492ED500F0650D /* FoodModel.xcdatamodeld */; };
		4417C58C284A3F7200F0650D /* DataControl.swift in Sources */ = {isa = PBXBuildFile; fileRef = 4417C58B284A3F7200F0650D /* DataControl.swift */; };
		4417C590284A450D00F0650D /* AddFoodView.swift in Sources */ = {isa = PBXBuildFile; fileRef = 4417C58F284A450D00F0650D /* AddFoodView.swift */; };
		4417C592284A4AEB00F0650D /* TimeFormating.swift in Sources */ = {isa = PBXBuildFile; fileRef = 4417C591284A4AEB00F0650D /* TimeFormating.swift */; };
		4417C594284A61E000F0650D /* EditFoodView.swift in Sources */ = {isa = PBXBuildFile; fileRef = 4417C593284A61E000F0650D /* EditFoodView.swift */; };
		4417C596284A61F300F0650D /* Launch Screen.storyboard in Resources */ = {isa = PBXBuildFile; fileRef = 4417C595284A61F300F0650D /* Launch Screen.storyboard */; };
/* End PBXBuildFile section */

/* Begin PBXFileReference section */
		4417C57628492E9900F0650D /* CoreDataTest.app */ = {isa = PBXFileReference; explicitFileType = wrapper.application; includeInIndex = 0; path = CoreDataTest.app; sourceTree = BUILT_PRODUCTS_DIR; };
		4417C57928492E9A00F0650D /* CoreDataTestApp.swift */ = {isa = PBXFileReference; lastKnownFileType = sourcecode.swift; path = CoreDataTestApp.swift; sourceTree = "<group>"; };
		4417C57B28492E9A00F0650D /* ContentView.swift */ = {isa = PBXFileReference; lastKnownFileType = sourcecode.swift; path = ContentView.swift; sourceTree = "<group>"; };
		4417C57D28492EA100F0650D /* Assets.xcassets */ = {isa = PBXFileReference; lastKnownFileType = folder.assetcatalog; path = Assets.xcassets; sourceTree = "<group>"; };
		4417C58028492EA100F0650D /* Preview Assets.xcassets */ = {isa = PBXFileReference; lastKnownFileType = folder.assetcatalog; path = "Preview Assets.xcassets"; sourceTree = "<group>"; };
		4417C58928492ED500F0650D /* FoodModel.xcdatamodel */ = {isa = PBXFileReference; lastKnownFileType = wrapper.xcdatamodel; path = FoodModel.xcdatamodel; sourceTree = "<group>"; };
		4417C58B284A3F7200F0650D /* DataControl.swift */ = {isa = PBXFileReference; lastKnownFileType = sourcecode.swift; path = DataControl.swift; sourceTree = "<group>"; };
		4417C58F284A450D00F0650D /* AddFoodView.swift */ = {isa = PBXFileReference; lastKnownFileType = sourcecode.swift; path = AddFoodView.swift; sourceTree = "<group>"; };
		4417C591284A4AEB00F0650D /* TimeFormating.swift */ = {isa = PBXFileReference; lastKnownFileType = sourcecode.swift; path = TimeFormating.swift; sourceTree = "<group>"; };
		4417C593284A61E000F0650D /* EditFoodView.swift */ = {isa = PBXFileReference; lastKnownFileType = sourcecode.swift; path = EditFoodView.swift; sourceTree = "<group>"; };
		4417C595284A61F300F0650D /* Launch Screen.storyboard */ = {isa = PBXFileReference; lastKnownFileType = file.storyboard; path = "Launch Screen.storyboard"; sourceTree = "<group>"; };
/* End PBXFileReference section */

/* Begin PBXFrameworksBuildPhase section */
		4417C57328492E9900F0650D /* Frameworks */ = {
			isa = PBXFrameworksBuildPhase;
			buildActionMask = 2147483647;
			files = (
			);
			runOnlyForDeploymentPostprocessing = 0;
		};
/* End PBXFrameworksBuildPhase section */

/* Begin PBXGroup section */
		4417C56D28492E9900F0650D = {
			isa = PBXGroup;
			children = (
				4417C57828492E9900F0650D /* CoreDataTest */,
				4417C57728492E9900F0650D /* Products */,
			);
			sourceTree = "<group>";
		};
		4417C57728492E9900F0650D /* Products */ = {
			isa = PBXGroup;
			children = (
				4417C57628492E9900F0650D /* CoreDataTest.app */,
			);
			name = Products;
			sourceTree = "<group>";
		};
		4417C57828492E9900F0650D /* CoreDataTest */ = {
			isa = PBXGroup;
			children = (
				4417C57928492E9A00F0650D /* CoreDataTestApp.swift */,
				4417C58E284A44DC00F0650D /* Helpers */,
				4417C58D284A44D400F0650D /* Views */,
				4417C58728492EB600F0650D /* DataModel */,
				4417C595284A61F300F0650D /* Launch Screen.storyboard */,
				4417C57D28492EA100F0650D /* Assets.xcassets */,
				4417C57F28492EA100F0650D /* Preview Content */,
			);
			path = CoreDataTest;
			sourceTree = "<group>";
		};
		4417C57F28492EA100F0650D /* Preview Content */ = {
			isa = PBXGroup;
			children = (
				4417C58028492EA100F0650D /* Preview Assets.xcassets */,
			);
			path = "Preview Content";
			sourceTree = "<group>";
		};
		4417C58728492EB600F0650D /* DataModel */ = {
			isa = PBXGroup;
			children = (
				4417C58828492ED500F0650D /* FoodModel.xcdatamodeld */,
				4417C58B284A3F7200F0650D /* DataControl.swift */,
			);
			path = DataModel;
			sourceTree = "<group>";
		};
		4417C58D284A44D400F0650D /* Views */ = {
			isa = PBXGroup;
			children = (
				4417C57B28492E9A00F0650D /* ContentView.swift */,
				4417C58F284A450D00F0650D /* AddFoodView.swift */,
				4417C593284A61E000F0650D /* EditFoodView.swift */,
			);
			path = Views;
			sourceTree = "<group>";
		};
		4417C58E284A44DC00F0650D /* Helpers */ = {
			isa = PBXGroup;
			children = (
				4417C591284A4AEB00F0650D /* TimeFormating.swift */,
			);
			path = Helpers;
			sourceTree = "<group>";
		};
/* End PBXGroup section */

/* Begin PBXNativeTarget section */
		4417C57528492E9900F0650D /* CoreDataTest */ = {
			isa = PBXNativeTarget;
			buildConfigurationList = 4417C58428492EA100F0650D /* Build configuration list for PBXNativeTarget "CoreDataTest" */;
			buildPhases = (
				4417C57228492E9900F0650D /* Sources */,
				4417C57328492E9900F0650D /* Frameworks */,
				4417C57428492E9900F0650D /* Resources */,
			);
			buildRules = (
			);
			dependencies = (
			);
			name = CoreDataTest;
			productName = CoreDataTest;
			productReference = 4417C57628492E9900F0650D /* CoreDataTest.app */;
			productType = "com.apple.product-type.application";
		};
/* End PBXNativeTarget section */

/* Begin PBXProject section */
		4417C56E28492E9900F0650D /* Project object */ = {
			isa = PBXProject;
			attributes = {
				BuildIndependentTargetsInParallel = 1;
				LastSwiftUpdateCheck = 1330;
				LastUpgradeCheck = 1330;
				TargetAttributes = {
					4417C57528492E9900F0650D = {
						CreatedOnToolsVersion = 13.3.1;
					};
				};
			};
			buildConfigurationList = 4417C57128492E9900F0650D /* Build configuration list for PBXProject "CoreDataTest" */;
			compatibilityVersion = "Xcode 13.0";
			developmentRegion = en;
			hasScannedForEncodings = 0;
			knownRegions = (
				en,
				Base,
			);
			mainGroup = 4417C56D28492E9900F0650D;
			productRefGroup = 4417C57728492E9900F0650D /* Products */;
			projectDirPath = "";
			projectRoot = "";
			targets = (
				4417C57528492E9900F0650D /* CoreDataTest */,
			);
		};
/* End PBXProject section */

/* Begin PBXResourcesBuildPhase section */
		4417C57428492E9900F0650D /* Resources */ = {
			isa = PBXResourcesBuildPhase;
			buildActionMask = 2147483647;
			files = (
				4417C596284A61F300F0650D /* Launch Screen.storyboard in Resources */,
				4417C58128492EA100F0650D /* Preview Assets.xcassets in Resources */,
				4417C57E28492EA100F0650D /* Assets.xcassets in Resources */,
			);
			runOnlyForDeploymentPostprocessing = 0;
		};
/* End PBXResourcesBuildPhase section */

/* Begin PBXSourcesBuildPhase section */
		4417C57228492E9900F0650D /* Sources */ = {
			isa = PBXSourcesBuildPhase;
			buildActionMask = 2147483647;
			files = (
				4417C590284A450D00F0650D /* AddFoodView.swift in Sources */,
				4417C57C28492E9A00F0650D /* ContentView.swift in Sources */,
				4417C57A28492E9A00F0650D /* CoreDataTestApp.swift in Sources */,
				4417C58A28492ED500F0650D /* FoodModel.xcdatamodeld in Sources */,
				4417C592284A4AEB00F0650D /* TimeFormating.swift in Sources */,
				4417C594284A61E000F0650D /* EditFoodView.swift in Sources */,
				4417C58C284A3F7200F0650D /* DataControl.swift in Sources */,
			);
			runOnlyForDeploymentPostprocessing = 0;
		};
/* End PBXSourcesBuildPhase section */

/* Begin XCBuildConfiguration section */
		4417C58228492EA100F0650D /* Debug */ = {
			isa = XCBuildConfiguration;
			buildSettings = {
				ALWAYS_SEARCH_USER_PATHS = NO;
				CLANG_ANALYZER_NONNULL = YES;
				CLANG_ANALYZER_NUMBER_OBJECT_CONVERSION = YES_AGGRESSIVE;
				CLANG_CXX_LANGUAGE_STANDARD = "gnu++17";
				CLANG_ENABLE_MODULES = YES;
				CLANG_ENABLE_OBJC_ARC = YES;
				CLANG_ENABLE_OBJC_WEAK = YES;
				CLANG_WARN_BLOCK_CAPTURE_AUTORELEASING = YES;
				CLANG_WARN_BOOL_CONVERSION = YES;
				CLANG_WARN_COMMA = YES;
				CLANG_WARN_CONSTANT_CONVERSION = YES;
				CLANG_WARN_DEPRECATED_OBJC_IMPLEMENTATIONS = YES;
				CLANG_WARN_DIRECT_OBJC_ISA_USAGE = YES_ERROR;
				CLANG_WARN_DOCUMENTATION_COMMENTS = YES;
				CLANG_WARN_EMPTY_BODY = YES;
				CLANG_WARN_ENUM_CONVERSION = YES;
				CLANG_WARN_INFINITE_RECURSION = YES;
				CLANG_WARN_INT_CONVERSION = YES;
				CLANG_WARN_NON_LITERAL_NULL_CONVERSION = YES;
				CLANG_WARN_OBJC_IMPLICIT_RETAIN_SELF = YES;
				CLANG_WARN_OBJC_LITERAL_CONVERSION = YES;
				CLANG_WARN_OBJC_ROOT_CLASS = YES_ERROR;
				CLANG_WARN_QUOTED_INCLUDE_IN_FRAMEWORK_HEADER = YES;
				CLANG_WARN_RANGE_LOOP_ANALYSIS = YES;
				CLANG_WARN_STRICT_PROTOTYPES = YES;
				CLANG_WARN_SUSPICIOUS_MOVE = YES;
				CLANG_WARN_UNGUARDED_AVAILABILITY = YES_AGGRESSIVE;
				CLANG_WARN_UNREACHABLE_CODE = YES;
				CLANG_WARN__DUPLICATE_METHOD_MATCH = YES;
				COPY_PHASE_STRIP = NO;
				DEBUG_INFORMATION_FORMAT = dwarf;
				ENABLE_STRICT_OBJC_MSGSEND = YES;
				ENABLE_TESTABILITY = YES;
				GCC_C_LANGUAGE_STANDARD = gnu11;
				GCC_DYNAMIC_NO_PIC = NO;
				GCC_NO_COMMON_BLOCKS = YES;
				GCC_OPTIMIZATION_LEVEL = 0;
				GCC_PREPROCESSOR_DEFINITIONS = (
					"DEBUG=1",
					"$(inherited)",
				);
				GCC_WARN_64_TO_32_BIT_CONVERSION = YES;
				GCC_WARN_ABOUT_RETURN_TYPE = YES_ERROR;
				GCC_WARN_UNDECLARED_SELECTOR = YES;
				GCC_WARN_UNINITIALIZED_AUTOS = YES_AGGRESSIVE;
				GCC_WARN_UNUSED_FUNCTION = YES;
				GCC_WARN_UNUSED_VARIABLE = YES;
				IPHONEOS_DEPLOYMENT_TARGET = 15.4;
				MTL_ENABLE_DEBUG_INFO = INCLUDE_SOURCE;
				MTL_FAST_MATH = YES;
				ONLY_ACTIVE_ARCH = YES;
				SDKROOT = iphoneos;
				SWIFT_ACTIVE_COMPILATION_CONDITIONS = DEBUG;
				SWIFT_OPTIMIZATION_LEVEL = "-Onone";
			};
			name = Debug;
		};
		4417C58328492EA100F0650D /* Release */ = {
			isa = XCBuildConfiguration;
			buildSettings = {
				ALWAYS_SEARCH_USER_PATHS = NO;
				CLANG_ANALYZER_NONNULL = YES;
				CLANG_ANALYZER_NUMBER_OBJECT_CONVERSION = YES_AGGRESSIVE;
				CLANG_CXX_LANGUAGE_STANDARD = "gnu++17";
				CLANG_ENABLE_MODULES = YES;
				CLANG_ENABLE_OBJC_ARC = YES;
				CLANG_ENABLE_OBJC_WEAK = YES;
				CLANG_WARN_BLOCK_CAPTURE_AUTORELEASING = YES;
				CLANG_WARN_BOOL_CONVERSION = YES;
				CLANG_WARN_COMMA = YES;
				CLANG_WARN_CONSTANT_CONVERSION = YES;
				CLANG_WARN_DEPRECATED_OBJC_IMPLEMENTATIONS = YES;
				CLANG_WARN_DIRECT_OBJC_ISA_USAGE = YES_ERROR;
				CLANG_WARN_DOCUMENTATION_COMMENTS = YES;
				CLANG_WARN_EMPTY_BODY = YES;
				CLANG_WARN_ENUM_CONVERSION = YES;
				CLANG_WARN_INFINITE_RECURSION = YES;
				CLANG_WARN_INT_CONVERSION = YES;
				CLANG_WARN_NON_LITERAL_NULL_CONVERSION = YES;
				CLANG_WARN_OBJC_IMPLICIT_RETAIN_SELF = YES;
				CLANG_WARN_OBJC_LITERAL_CONVERSION = YES;
				CLANG_WARN_OBJC_ROOT_CLASS = YES_ERROR;
				CLANG_WARN_QUOTED_INCLUDE_IN_FRAMEWORK_HEADER = YES;
				CLANG_WARN_RANGE_LOOP_ANALYSIS = YES;
				CLANG_WARN_STRICT_PROTOTYPES = YES;
				CLANG_WARN_SUSPICIOUS_MOVE = YES;
				CLANG_WARN_UNGUARDED_AVAILABILITY = YES_AGGRESSIVE;
				CLANG_WARN_UNREACHABLE_CODE = YES;
				CLANG_WARN__DUPLICATE_METHOD_MATCH = YES;
				COPY_PHASE_STRIP = NO;
				DEBUG_INFORMATION_FORMAT = "dwarf-with-dsym";
				ENABLE_NS_ASSERTIONS = NO;
				ENABLE_STRICT_OBJC_MSGSEND = YES;
				GCC_C_LANGUAGE_STANDARD = gnu11;
				GCC_NO_COMMON_BLOCKS = YES;
				GCC_WARN_64_TO_32_BIT_CONVERSION = YES;
				GCC_WARN_ABOUT_RETURN_TYPE = YES_ERROR;
				GCC_WARN_UNDECLARED_SELECTOR = YES;
				GCC_WARN_UNINITIALIZED_AUTOS = YES_AGGRESSIVE;
				GCC_WARN_UNUSED_FUNCTION = YES;
				GCC_WARN_UNUSED_VARIABLE = YES;
				IPHONEOS_DEPLOYMENT_TARGET = 15.4;
				MTL_ENABLE_DEBUG_INFO = NO;
				MTL_FAST_MATH = YES;
				SDKROOT = iphoneos;
				SWIFT_COMPILATION_MODE = wholemodule;
				SWIFT_OPTIMIZATION_LEVEL = "-O";
				VALIDATE_PRODUCT = YES;
			};
			name = Release;
		};
		4417C58528492EA100F0650D /* Debug */ = {
			isa = XCBuildConfiguration;
			buildSettings = {
				ASSETCATALOG_COMPILER_APPICON_NAME = AppIcon;
				ASSETCATALOG_COMPILER_GLOBAL_ACCENT_COLOR_NAME = AccentColor;
				CODE_SIGN_STYLE = Automatic;
				CURRENT_PROJECT_VERSION = 1;
				DEVELOPMENT_ASSET_PATHS = "\"CoreDataTest/Preview Content\"";
				DEVELOPMENT_TEAM = N6S24J8FW5;
				ENABLE_PREVIEWS = YES;
				GENERATE_INFOPLIST_FILE = YES;
				INFOPLIST_KEY_UIApplicationSceneManifest_Generation = YES;
				INFOPLIST_KEY_UIApplicationSupportsIndirectInputEvents = YES;
				INFOPLIST_KEY_UILaunchScreen_Generation = YES;
				INFOPLIST_KEY_UILaunchStoryboardName = "Launch Screen";
				INFOPLIST_KEY_UISupportedInterfaceOrientations_iPad = "UIInterfaceOrientationPortrait UIInterfaceOrientationPortraitUpsideDown UIInterfaceOrientationLandscapeLeft UIInterfaceOrientationLandscapeRight";
				INFOPLIST_KEY_UISupportedInterfaceOrientations_iPhone = "UIInterfaceOrientationPortrait UIInterfaceOrientationLandscapeLeft UIInterfaceOrientationLandscapeRight";
				LD_RUNPATH_SEARCH_PATHS = (
					"$(inherited)",
					"@executable_path/Frameworks",
				);
				MARKETING_VERSION = 1.0;
				PRODUCT_BUNDLE_IDENTIFIER = RinarProject.CoreDataTest;
				PRODUCT_NAME = CoreDataTest;
				SWIFT_EMIT_LOC_STRINGS = YES;
				SWIFT_VERSION = 5.0;
				TARGETED_DEVICE_FAMILY = "1,2";
			};
			name = Debug;
		};
		4417C58628492EA100F0650D /* Release */ = {
			isa = XCBuildConfiguration;
			buildSettings = {
				ASSETCATALOG_COMPILER_APPICON_NAME = AppIcon;
				ASSETCATALOG_COMPILER_GLOBAL_ACCENT_COLOR_NAME = AccentColor;
				CODE_SIGN_STYLE = Automatic;
				CURRENT_PROJECT_VERSION = 1;
				DEVELOPMENT_ASSET_PATHS = "\"CoreDataTest/Preview Content\"";
				DEVELOPMENT_TEAM = N6S24J8FW5;
				ENABLE_PREVIEWS = YES;
				GENERATE_INFOPLIST_FILE = YES;
				INFOPLIST_KEY_UIApplicationSceneManifest_Generation = YES;
				INFOPLIST_KEY_UIApplicationSupportsIndirectInputEvents = YES;
				INFOPLIST_KEY_UILaunchScreen_Generation = YES;
				INFOPLIST_KEY_UILaunchStoryboardName = "Launch Screen";
				INFOPLIST_KEY_UISupportedInterfaceOrientations_iPad = "UIInterfaceOrientationPortrait UIInterfaceOrientationPortraitUpsideDown UIInterfaceOrientationLandscapeLeft UIInterfaceOrientationLandscapeRight";
				INFOPLIST_KEY_UISupportedInterfaceOrientations_iPhone = "UIInterfaceOrientationPortrait UIInterfaceOrientationLandscapeLeft UIInterfaceOrientationLandscapeRight";
				LD_RUNPATH_SEARCH_PATHS = (
					"$(inherited)",
					"@executable_path/Frameworks",
				);
				MARKETING_VERSION = 1.0;
				PRODUCT_BUNDLE_IDENTIFIER = RinarProject.CoreDataTest;
				PRODUCT_NAME = CoreDataTest;
				SWIFT_EMIT_LOC_STRINGS = YES;
				SWIFT_VERSION = 5.0;
				TARGETED_DEVICE_FAMILY = "1,2";
			};
			name = Release;
		};
/* End XCBuildConfiguration section */

/* Begin XCConfigurationList section */
		4417C57128492E9900F0650D /* Build configuration list for PBXProject "CoreDataTest" */ = {
			isa = XCConfigurationList;
			buildConfigurations = (
				4417C58228492EA100F0650D /* Debug */,
				4417C58328492EA100F0650D /* Release */,
			);
			defaultConfigurationIsVisible = 0;
			defaultConfigurationName = Release;
		};
		4417C58428492EA100F0650D /* Build configuration list for PBXNativeTarget "CoreDataTest" */ = {
			isa = XCConfigurationList;
			buildConfigurations = (
				4417C58528492EA100F0650D /* Debug */,
				4417C58628492EA100F0650D /* Release */,
			);
			defaultConfigurationIsVisible = 0;
			defaultConfigurationName = Release;
		};
/* End XCConfigurationList section */

/* Begin XCVersionGroup section */
		4417C58828492ED500F0650D /* FoodModel.xcdatamodeld */ = {
			isa = XCVersionGroup;
			children = (
				4417C58928492ED500F0650D /* FoodModel.xcdatamodel */,
			);
			currentVersion = 4417C58928492ED500F0650D /* FoodModel.xcdatamodel */;
			path = FoodModel.xcdatamodeld;
			sourceTree = "<group>";
			versionGroupType = wrapper.xcdatamodel;
		};
/* End XCVersionGroup section */
	};
	rootObject = 4417C56E28492E9900F0650D /* Project object */;
}
